Microsoft Visual Studio Solution File, Format Version 12.00
# Visual Studio Version 17
VisualStudioVersion = 17.3.32721.290
MinimumVisualStudioVersion = 10.0.40219.1
Project("{9A19103F-16F7-4668-BE54-9A1E7A4F7556}") = "Squil.Core", "Squil.Core\Squil.Core.csproj", "{FE5F16B4-F465-4124-84F1-EB8D25C57009}"
EndProject
Project("{9A19103F-16F7-4668-BE54-9A1E7A4F7556}") = "Squil.Web", "Squil.Web\Squil.Web.csproj", "{50D60173-879A-40A8-89AB-341820AA8BF8}"
EndProject
Project("{9A19103F-16F7-4668-BE54-9A1E7A4F7556}") = "Squil.Tests", "Squil.Tests\Squil.Tests.csproj", "{626D8A42-7255-42BD-9B9F-5B5E69182241}"
EndProject
Project("{9A19103F-16F7-4668-BE54-9A1E7A4F7556}") = "Squil.Razor", "Squil.Razor\Squil.Razor.csproj", "{AC306D39-0CDB-4E29-BECC-332823CB427C}"
EndProject
Project("{9A19103F-16F7-4668-BE54-9A1E7A4F7556}") = "Squil.Maui", "Squil.Maui\Squil.Maui.csproj", "{A0068652-D8CF-4B61-B8B2-BBC199698926}"
EndProject
Project("{9A19103F-16F7-4668-BE54-9A1E7A4F7556}") = "Squil.Storage", "Squil.Storage\Squil.Storage.csproj", "{2A2DD0C2-CEAC-4AE3-8CAB-0EC1834ACB61}"
EndProject
Project("{9A19103F-16F7-4668-BE54-9A1E7A4F7556}") = "Reconciler", "Reconciler\Reconciler.csproj", "{67EB4498-6857-45AB-8549-599A81D3FA9D}"
EndProject
Project("{9A19103F-16F7-4668-BE54-9A1E7A4F7556}") = "Squil.Storage.Migrations.Sqlite", "Squil.Storage.Migrations.Sqlite\Squil.Storage.Migrations.Sqlite.csproj", "{44C0EF97-ECAD-4A88-A6A7-F3AD24A8F93A}"
EndProject
Project("{9A19103F-16F7-4668-BE54-9A1E7A4F7556}") = "Squil.Storage.Migrations.SqlServer", "Squil.Storage.Migrations.SqlServer\Squil.Storage.Migrations.SqlServer.csproj", "{F535F749-AACD-408E-AB1A-7A2C60203313}"
EndProject
Project("{2150E333-8FDC-42A3-9474-1A3956D46DE8}") = "Solution Items", "Solution Items", "{8BAF72D5-B8C8-4221-9E6C-B874C837AC79}"
	ProjectSection(SolutionItems) = preProject
		.gitignore = .gitignore
		azure-pipelines-release.yml = azure-pipelines-release.yml
		version.ps1 = version.ps1
		version.xml = version.xml
	EndProjectSection
EndProject
Project("{9A19103F-16F7-4668-BE54-9A1E7A4F7556}") = "Playground", "Playground\Playground.csproj", "{D8C7A9D8-CCED-4995-8BE0-E99AC2913FAC}"
EndProject
Global
	GlobalSection(SolutionConfigurationPlatforms) = preSolution
		Debug|Any CPU = Debug|Any CPU
		Release|Any CPU = Release|Any CPU
	EndGlobalSection
	GlobalSection(ProjectConfigurationPlatforms) = postSolution
		{FE5F16B4-F465-4124-84F1-EB8D25C57009}.Debug|Any CPU.ActiveCfg = Debug|Any CPU
		{FE5F16B4-F465-4124-84F1-EB8D25C57009}.Debug|Any CPU.Build.0 = Debug|Any CPU
		{FE5F16B4-F465-4124-84F1-EB8D25C57009}.Release|Any CPU.ActiveCfg = Release|Any CPU
		{FE5F16B4-F465-4124-84F1-EB8D25C57009}.Release|Any CPU.Build.0 = Release|Any CPU
		{50D60173-879A-40A8-89AB-341820AA8BF8}.Debug|Any CPU.ActiveCfg = Debug|Any CPU
		{50D60173-879A-40A8-89AB-341820AA8BF8}.Debug|Any CPU.Build.0 = Debug|Any CPU
		{50D60173-879A-40A8-89AB-341820AA8BF8}.Release|Any CPU.ActiveCfg = Release|Any CPU
		{50D60173-879A-40A8-89AB-341820AA8BF8}.Release|Any CPU.Build.0 = Release|Any CPU
		{626D8A42-7255-42BD-9B9F-5B5E69182241}.Debug|Any CPU.ActiveCfg = Debug|Any CPU
		{626D8A42-7255-42BD-9B9F-5B5E69182241}.Debug|Any CPU.Build.0 = Debug|Any CPU
		{626D8A42-7255-42BD-9B9F-5B5E69182241}.Release|Any CPU.ActiveCfg = Release|Any CPU
		{626D8A42-7255-42BD-9B9F-5B5E69182241}.Release|Any CPU.Build.0 = Release|Any CPU
		{AC306D39-0CDB-4E29-BECC-332823CB427C}.Debug|Any CPU.ActiveCfg = Debug|Any CPU
		{AC306D39-0CDB-4E29-BECC-332823CB427C}.Debug|Any CPU.Build.0 = Debug|Any CPU
		{AC306D39-0CDB-4E29-BECC-332823CB427C}.Release|Any CPU.ActiveCfg = Release|Any CPU
		{AC306D39-0CDB-4E29-BECC-332823CB427C}.Release|Any CPU.Build.0 = Release|Any CPU
		{A0068652-D8CF-4B61-B8B2-BBC199698926}.Debug|Any CPU.ActiveCfg = Debug|Any CPU
		{A0068652-D8CF-4B61-B8B2-BBC199698926}.Debug|Any CPU.Build.0 = Debug|Any CPU
		{A0068652-D8CF-4B61-B8B2-BBC199698926}.Debug|Any CPU.Deploy.0 = Debug|Any CPU
		{A0068652-D8CF-4B61-B8B2-BBC199698926}.Release|Any CPU.ActiveCfg = Release|Any CPU
		{A0068652-D8CF-4B61-B8B2-BBC199698926}.Release|Any CPU.Build.0 = Release|Any CPU
		{A0068652-D8CF-4B61-B8B2-BBC199698926}.Release|Any CPU.Deploy.0 = Release|Any CPU
		{2A2DD0C2-CEAC-4AE3-8CAB-0EC1834ACB61}.Debug|Any CPU.ActiveCfg = Debug|Any CPU
		{2A2DD0C2-CEAC-4AE3-8CAB-0EC1834ACB61}.Debug|Any CPU.Build.0 = Debug|Any CPU
		{2A2DD0C2-CEAC-4AE3-8CAB-0EC1834ACB61}.Release|Any CPU.ActiveCfg = Release|Any CPU
		{2A2DD0C2-CEAC-4AE3-8CAB-0EC1834ACB61}.Release|Any CPU.Build.0 = Release|Any CPU
		{67EB4498-6857-45AB-8549-599A81D3FA9D}.Debug|Any CPU.ActiveCfg = Debug|Any CPU
		{67EB4498-6857-45AB-8549-599A81D3FA9D}.Debug|Any CPU.Build.0 = Debug|Any CPU
		{67EB4498-6857-45AB-8549-599A81D3FA9D}.Release|Any CPU.ActiveCfg = Release|Any CPU
		{67EB4498-6857-45AB-8549-599A81D3FA9D}.Release|Any CPU.Build.0 = Release|Any CPU
		{44C0EF97-ECAD-4A88-A6A7-F3AD24A8F93A}.Debug|Any CPU.ActiveCfg = Debug|Any CPU
		{44C0EF97-ECAD-4A88-A6A7-F3AD24A8F93A}.Debug|Any CPU.Build.0 = Debug|Any CPU
		{44C0EF97-ECAD-4A88-A6A7-F3AD24A8F93A}.Release|Any CPU.ActiveCfg = Release|Any CPU
		{44C0EF97-ECAD-4A88-A6A7-F3AD24A8F93A}.Release|Any CPU.Build.0 = Release|Any CPU
		{F535F749-AACD-408E-AB1A-7A2C60203313}.Debug|Any CPU.ActiveCfg = Debug|Any CPU
		{F535F749-AACD-408E-AB1A-7A2C60203313}.Debug|Any CPU.Build.0 = Debug|Any CPU
		{F535F749-AACD-408E-AB1A-7A2C60203313}.Release|Any CPU.ActiveCfg = Release|Any CPU
		{F535F749-AACD-408E-AB1A-7A2C60203313}.Release|Any CPU.Build.0 = Release|Any CPU
		{D8C7A9D8-CCED-4995-8BE0-E99AC2913FAC}.Debug|Any CPU.ActiveCfg = Debug|Any CPU
		{D8C7A9D8-CCED-4995-8BE0-E99AC2913FAC}.Debug|Any CPU.Build.0 = Debug|Any CPU
		{D8C7A9D8-CCED-4995-8BE0-E99AC2913FAC}.Release|Any CPU.ActiveCfg = Release|Any CPU
		{D8C7A9D8-CCED-4995-8BE0-E99AC2913FAC}.Release|Any CPU.Build.0 = Release|Any CPU
	EndGlobalSection
	GlobalSection(SolutionProperties) = preSolution
		HideSolutionNode = FALSE
	EndGlobalSection
	GlobalSection(ExtensibilityGlobals) = postSolution
		SolutionGuid = {5B7AA33C-B1F7-427D-B962-7D66FE990FDE}
	EndGlobalSection
EndGlobal
